// !$*UTF8*$!
{
	archiveVersion = 1;
	classes = {
	};
	objectVersion = 46;
	objects = {

/* Begin PBXBuildFile section */
		610039CE1CB239EF00060FE3 /* AppDelegate.swift in Sources */ = {isa = PBXBuildFile; fileRef = 610039CD1CB239EF00060FE3 /* AppDelegate.swift */; };
		610039D01CB239EF00060FE3 /* BrowsePlatformViewController.swift in Sources */ = {isa = PBXBuildFile; fileRef = 610039CF1CB239EF00060FE3 /* BrowsePlatformViewController.swift */; };
		610039D31CB239EF00060FE3 /* Main.storyboard in Resources */ = {isa = PBXBuildFile; fileRef = 610039D11CB239EF00060FE3 /* Main.storyboard */; };
		610039D61CB239EF00060FE3 /* Game_Closet.xcdatamodeld in Sources */ = {isa = PBXBuildFile; fileRef = 610039D41CB239EF00060FE3 /* Game_Closet.xcdatamodeld */; };
		610039D81CB239EF00060FE3 /* Assets.xcassets in Resources */ = {isa = PBXBuildFile; fileRef = 610039D71CB239EF00060FE3 /* Assets.xcassets */; };
		610039DB1CB239EF00060FE3 /* LaunchScreen.storyboard in Resources */ = {isa = PBXBuildFile; fileRef = 610039D91CB239EF00060FE3 /* LaunchScreen.storyboard */; };
		610039E41CB23BC600060FE3 /* Keys.plist in Resources */ = {isa = PBXBuildFile; fileRef = 610039E21CB23BC600060FE3 /* Keys.plist */; };
		610039E51CB23BC600060FE3 /* Keys.sample.plist in Resources */ = {isa = PBXBuildFile; fileRef = 610039E31CB23BC600060FE3 /* Keys.sample.plist */; };
		610039E71CB23CBE00060FE3 /* SearchViewController.swift in Sources */ = {isa = PBXBuildFile; fileRef = 610039E61CB23CBE00060FE3 /* SearchViewController.swift */; };
		610039E91CB25BAA00060FE3 /* GiantBombClient.swift in Sources */ = {isa = PBXBuildFile; fileRef = 610039E81CB25BAA00060FE3 /* GiantBombClient.swift */; };
		610039EB1CB25BEE00060FE3 /* GiantBombConstants.swift in Sources */ = {isa = PBXBuildFile; fileRef = 610039EA1CB25BEE00060FE3 /* GiantBombConstants.swift */; };
		610039ED1CB264C900060FE3 /* GiantBombConvenience.swift in Sources */ = {isa = PBXBuildFile; fileRef = 610039EC1CB264C900060FE3 /* GiantBombConvenience.swift */; };
		610039F31CB4284F00060FE3 /* BrowseLetterViewController.swift in Sources */ = {isa = PBXBuildFile; fileRef = 610039F21CB4284F00060FE3 /* BrowseLetterViewController.swift */; };
		610039F91CB48EF800060FE3 /* platforms.plist in Resources */ = {isa = PBXBuildFile; fileRef = 610039F81CB48EF800060FE3 /* platforms.plist */; };
		610039FB1CB4928700060FE3 /* PlatformsHandler.swift in Sources */ = {isa = PBXBuildFile; fileRef = 610039FA1CB4928700060FE3 /* PlatformsHandler.swift */; };
		610039FD1CB4B5D700060FE3 /* BrowseGameListViewController.swift in Sources */ = {isa = PBXBuildFile; fileRef = 610039FC1CB4B5D700060FE3 /* BrowseGameListViewController.swift */; };
		610039FF1CB4B83C00060FE3 /* CoreDataStackManager.swift in Sources */ = {isa = PBXBuildFile; fileRef = 610039FE1CB4B83C00060FE3 /* CoreDataStackManager.swift */; };
		61003A011CB4B90300060FE3 /* Platform.swift in Sources */ = {isa = PBXBuildFile; fileRef = 61003A001CB4B90300060FE3 /* Platform.swift */; };
		61003A031CB4B9A900060FE3 /* Game.swift in Sources */ = {isa = PBXBuildFile; fileRef = 61003A021CB4B9A900060FE3 /* Game.swift */; };
/* End PBXBuildFile section */

/* Begin PBXFileReference section */
		610039CA1CB239EF00060FE3 /* Game Closet.app */ = {isa = PBXFileReference; explicitFileType = wrapper.application; includeInIndex = 0; path = "Game Closet.app"; sourceTree = BUILT_PRODUCTS_DIR; };
		610039CD1CB239EF00060FE3 /* AppDelegate.swift */ = {isa = PBXFileReference; lastKnownFileType = sourcecode.swift; path = AppDelegate.swift; sourceTree = "<group>"; };
		610039CF1CB239EF00060FE3 /* BrowsePlatformViewController.swift */ = {isa = PBXFileReference; lastKnownFileType = sourcecode.swift; path = BrowsePlatformViewController.swift; sourceTree = "<group>"; };
		610039D21CB239EF00060FE3 /* Base */ = {isa = PBXFileReference; lastKnownFileType = file.storyboard; name = Base; path = Base.lproj/Main.storyboard; sourceTree = "<group>"; };
		610039D51CB239EF00060FE3 /* Game_Closet.xcdatamodel */ = {isa = PBXFileReference; lastKnownFileType = wrapper.xcdatamodel; path = Game_Closet.xcdatamodel; sourceTree = "<group>"; };
		610039D71CB239EF00060FE3 /* Assets.xcassets */ = {isa = PBXFileReference; lastKnownFileType = folder.assetcatalog; path = Assets.xcassets; sourceTree = "<group>"; };
		610039DA1CB239EF00060FE3 /* Base */ = {isa = PBXFileReference; lastKnownFileType = file.storyboard; name = Base; path = Base.lproj/LaunchScreen.storyboard; sourceTree = "<group>"; };
		610039DC1CB239EF00060FE3 /* Info.plist */ = {isa = PBXFileReference; lastKnownFileType = text.plist.xml; path = Info.plist; sourceTree = "<group>"; };
		610039E21CB23BC600060FE3 /* Keys.plist */ = {isa = PBXFileReference; fileEncoding = 4; lastKnownFileType = text.plist.xml; path = Keys.plist; sourceTree = "<group>"; };
		610039E31CB23BC600060FE3 /* Keys.sample.plist */ = {isa = PBXFileReference; fileEncoding = 4; lastKnownFileType = text.plist.xml; path = Keys.sample.plist; sourceTree = "<group>"; };
		610039E61CB23CBE00060FE3 /* SearchViewController.swift */ = {isa = PBXFileReference; fileEncoding = 4; lastKnownFileType = sourcecode.swift; path = SearchViewController.swift; sourceTree = "<group>"; };
		610039E81CB25BAA00060FE3 /* GiantBombClient.swift */ = {isa = PBXFileReference; fileEncoding = 4; lastKnownFileType = sourcecode.swift; path = GiantBombClient.swift; sourceTree = "<group>"; };
		610039EA1CB25BEE00060FE3 /* GiantBombConstants.swift */ = {isa = PBXFileReference; fileEncoding = 4; lastKnownFileType = sourcecode.swift; path = GiantBombConstants.swift; sourceTree = "<group>"; };
		610039EC1CB264C900060FE3 /* GiantBombConvenience.swift */ = {isa = PBXFileReference; fileEncoding = 4; lastKnownFileType = sourcecode.swift; path = GiantBombConvenience.swift; sourceTree = "<group>"; };
		610039F21CB4284F00060FE3 /* BrowseLetterViewController.swift */ = {isa = PBXFileReference; fileEncoding = 4; lastKnownFileType = sourcecode.swift; path = BrowseLetterViewController.swift; sourceTree = "<group>"; };
		610039F81CB48EF800060FE3 /* platforms.plist */ = {isa = PBXFileReference; fileEncoding = 4; lastKnownFileType = text.plist.xml; path = platforms.plist; sourceTree = "<group>"; };
		610039FA1CB4928700060FE3 /* PlatformsHandler.swift */ = {isa = PBXFileReference; fileEncoding = 4; lastKnownFileType = sourcecode.swift; path = PlatformsHandler.swift; sourceTree = "<group>"; };
		610039FC1CB4B5D700060FE3 /* BrowseGameListViewController.swift */ = {isa = PBXFileReference; fileEncoding = 4; lastKnownFileType = sourcecode.swift; path = BrowseGameListViewController.swift; sourceTree = "<group>"; };
		610039FE1CB4B83C00060FE3 /* CoreDataStackManager.swift */ = {isa = PBXFileReference; fileEncoding = 4; lastKnownFileType = sourcecode.swift; path = CoreDataStackManager.swift; sourceTree = "<group>"; };
		61003A001CB4B90300060FE3 /* Platform.swift */ = {isa = PBXFileReference; fileEncoding = 4; lastKnownFileType = sourcecode.swift; path = Platform.swift; sourceTree = "<group>"; };
		61003A021CB4B9A900060FE3 /* Game.swift */ = {isa = PBXFileReference; fileEncoding = 4; lastKnownFileType = sourcecode.swift; path = Game.swift; sourceTree = "<group>"; };
/* End PBXFileReference section */

/* Begin PBXFrameworksBuildPhase section */
		610039C71CB239EF00060FE3 /* Frameworks */ = {
			isa = PBXFrameworksBuildPhase;
			buildActionMask = 2147483647;
			files = (
			);
			runOnlyForDeploymentPostprocessing = 0;
		};
/* End PBXFrameworksBuildPhase section */

/* Begin PBXGroup section */
		610039C11CB239EF00060FE3 = {
			isa = PBXGroup;
			children = (
				610039CC1CB239EF00060FE3 /* Game Closet */,
				610039CB1CB239EF00060FE3 /* Products */,
			);
			sourceTree = "<group>";
		};
		610039CB1CB239EF00060FE3 /* Products */ = {
			isa = PBXGroup;
			children = (
				610039CA1CB239EF00060FE3 /* Game Closet.app */,
			);
			name = Products;
			sourceTree = "<group>";
		};
		610039CC1CB239EF00060FE3 /* Game Closet */ = {
			isa = PBXGroup;
			children = (
				610039E21CB23BC600060FE3 /* Keys.plist */,
				610039E31CB23BC600060FE3 /* Keys.sample.plist */,
				610039CD1CB239EF00060FE3 /* AppDelegate.swift */,
				610039FE1CB4B83C00060FE3 /* CoreDataStackManager.swift */,
				610039F41CB4288800060FE3 /* Controllers */,
				610039F51CB4289E00060FE3 /* Model */,
				610039D71CB239EF00060FE3 /* Assets.xcassets */,
				610039D11CB239EF00060FE3 /* Main.storyboard */,
				610039D91CB239EF00060FE3 /* LaunchScreen.storyboard */,
				610039DC1CB239EF00060FE3 /* Info.plist */,
				610039D41CB239EF00060FE3 /* Game_Closet.xcdatamodeld */,
			);
			path = "Game Closet";
			sourceTree = "<group>";
		};
		610039F41CB4288800060FE3 /* Controllers */ = {
			isa = PBXGroup;
			children = (
				610039CF1CB239EF00060FE3 /* BrowsePlatformViewController.swift */,
				610039FC1CB4B5D700060FE3 /* BrowseGameListViewController.swift */,
				610039F21CB4284F00060FE3 /* BrowseLetterViewController.swift */,
				610039E61CB23CBE00060FE3 /* SearchViewController.swift */,
				610039FA1CB4928700060FE3 /* PlatformsHandler.swift */,
			);
			name = Controllers;
			sourceTree = "<group>";
		};
		610039F51CB4289E00060FE3 /* Model */ = {
			isa = PBXGroup;
			children = (
				61003A041CB4BA4200060FE3 /* Entities */,
				610039F81CB48EF800060FE3 /* platforms.plist */,
				610039E81CB25BAA00060FE3 /* GiantBombClient.swift */,
				610039EC1CB264C900060FE3 /* GiantBombConvenience.swift */,
				610039EA1CB25BEE00060FE3 /* GiantBombConstants.swift */,
			);
			name = Model;
			sourceTree = "<group>";
		};
		61003A041CB4BA4200060FE3 /* Entities */ = {
			isa = PBXGroup;
			children = (
				61003A001CB4B90300060FE3 /* Platform.swift */,
				61003A021CB4B9A900060FE3 /* Game.swift */,
			);
			name = Entities;
			sourceTree = "<group>";
		};
/* End PBXGroup section */

/* Begin PBXNativeTarget section */
		610039C91CB239EF00060FE3 /* Game Closet */ = {
			isa = PBXNativeTarget;
			buildConfigurationList = 610039DF1CB239EF00060FE3 /* Build configuration list for PBXNativeTarget "Game Closet" */;
			buildPhases = (
				610039C61CB239EF00060FE3 /* Sources */,
				610039C71CB239EF00060FE3 /* Frameworks */,
				610039C81CB239EF00060FE3 /* Resources */,
			);
			buildRules = (
			);
			dependencies = (
			);
			name = "Game Closet";
			productName = "Game Closet";
			productReference = 610039CA1CB239EF00060FE3 /* Game Closet.app */;
			productType = "com.apple.product-type.application";
		};
/* End PBXNativeTarget section */

/* Begin PBXProject section */
		610039C21CB239EF00060FE3 /* Project object */ = {
			isa = PBXProject;
			attributes = {
				LastSwiftUpdateCheck = 0730;
				LastUpgradeCheck = 0730;
				ORGANIZATIONNAME = "Matthew Young";
				TargetAttributes = {
					610039C91CB239EF00060FE3 = {
						CreatedOnToolsVersion = 7.3;
					};
				};
			};
			buildConfigurationList = 610039C51CB239EF00060FE3 /* Build configuration list for PBXProject "Game Closet" */;
			compatibilityVersion = "Xcode 3.2";
			developmentRegion = English;
			hasScannedForEncodings = 0;
			knownRegions = (
				en,
				Base,
			);
			mainGroup = 610039C11CB239EF00060FE3;
			productRefGroup = 610039CB1CB239EF00060FE3 /* Products */;
			projectDirPath = "";
			projectRoot = "";
			targets = (
				610039C91CB239EF00060FE3 /* Game Closet */,
			);
		};
/* End PBXProject section */

/* Begin PBXResourcesBuildPhase section */
		610039C81CB239EF00060FE3 /* Resources */ = {
			isa = PBXResourcesBuildPhase;
			buildActionMask = 2147483647;
			files = (
				610039E41CB23BC600060FE3 /* Keys.plist in Resources */,
				610039DB1CB239EF00060FE3 /* LaunchScreen.storyboard in Resources */,
				610039F91CB48EF800060FE3 /* platforms.plist in Resources */,
				610039D81CB239EF00060FE3 /* Assets.xcassets in Resources */,
				610039E51CB23BC600060FE3 /* Keys.sample.plist in Resources */,
				610039D31CB239EF00060FE3 /* Main.storyboard in Resources */,
			);
			runOnlyForDeploymentPostprocessing = 0;
		};
/* End PBXResourcesBuildPhase section */

/* Begin PBXSourcesBuildPhase section */
		610039C61CB239EF00060FE3 /* Sources */ = {
			isa = PBXSourcesBuildPhase;
			buildActionMask = 2147483647;
			files = (
				610039D01CB239EF00060FE3 /* BrowsePlatformViewController.swift in Sources */,
				610039FB1CB4928700060FE3 /* PlatformsHandler.swift in Sources */,
				610039FF1CB4B83C00060FE3 /* CoreDataStackManager.swift in Sources */,
				61003A031CB4B9A900060FE3 /* Game.swift in Sources */,
				610039CE1CB239EF00060FE3 /* AppDelegate.swift in Sources */,
				610039E71CB23CBE00060FE3 /* SearchViewController.swift in Sources */,
				610039E91CB25BAA00060FE3 /* GiantBombClient.swift in Sources */,
				61003A011CB4B90300060FE3 /* Platform.swift in Sources */,
				610039ED1CB264C900060FE3 /* GiantBombConvenience.swift in Sources */,
				610039FD1CB4B5D700060FE3 /* BrowseGameListViewController.swift in Sources */,
				610039D61CB239EF00060FE3 /* Game_Closet.xcdatamodeld in Sources */,
				610039EB1CB25BEE00060FE3 /* GiantBombConstants.swift in Sources */,
				610039F31CB4284F00060FE3 /* BrowseLetterViewController.swift in Sources */,
			);
			runOnlyForDeploymentPostprocessing = 0;
		};
/* End PBXSourcesBuildPhase section */

/* Begin PBXVariantGroup section */
		610039D11CB239EF00060FE3 /* Main.storyboard */ = {
			isa = PBXVariantGroup;
			children = (
				610039D21CB239EF00060FE3 /* Base */,
			);
			name = Main.storyboard;
			sourceTree = "<group>";
		};
		610039D91CB239EF00060FE3 /* LaunchScreen.storyboard */ = {
			isa = PBXVariantGroup;
			children = (
				610039DA1CB239EF00060FE3 /* Base */,
			);
			name = LaunchScreen.storyboard;
			sourceTree = "<group>";
		};
/* End PBXVariantGroup section */

/* Begin XCBuildConfiguration section */
		610039DD1CB239EF00060FE3 /* Debug */ = {
			isa = XCBuildConfiguration;
			buildSettings = {
				ALWAYS_SEARCH_USER_PATHS = NO;
				CLANG_ANALYZER_NONNULL = YES;
				CLANG_CXX_LANGUAGE_STANDARD = "gnu++0x";
				CLANG_CXX_LIBRARY = "libc++";
				CLANG_ENABLE_MODULES = YES;
				CLANG_ENABLE_OBJC_ARC = YES;
				CLANG_WARN_BOOL_CONVERSION = YES;
				CLANG_WARN_CONSTANT_CONVERSION = YES;
				CLANG_WARN_DIRECT_OBJC_ISA_USAGE = YES_ERROR;
				CLANG_WARN_EMPTY_BODY = YES;
				CLANG_WARN_ENUM_CONVERSION = YES;
				CLANG_WARN_INT_CONVERSION = YES;
				CLANG_WARN_OBJC_ROOT_CLASS = YES_ERROR;
				CLANG_WARN_UNREACHABLE_CODE = YES;
				CLANG_WARN__DUPLICATE_METHOD_MATCH = YES;
				"CODE_SIGN_IDENTITY[sdk=iphoneos*]" = "iPhone Developer";
				COPY_PHASE_STRIP = NO;
				DEBUG_INFORMATION_FORMAT = dwarf;
				ENABLE_STRICT_OBJC_MSGSEND = YES;
				ENABLE_TESTABILITY = YES;
				GCC_C_LANGUAGE_STANDARD = gnu99;
				GCC_DYNAMIC_NO_PIC = NO;
				GCC_NO_COMMON_BLOCKS = YES;
				GCC_OPTIMIZATION_LEVEL = 0;
				GCC_PREPROCESSOR_DEFINITIONS = (
					"DEBUG=1",
					"$(inherited)",
				);
				GCC_WARN_64_TO_32_BIT_CONVERSION = YES;
				GCC_WARN_ABOUT_RETURN_TYPE = YES_ERROR;
				GCC_WARN_UNDECLARED_SELECTOR = YES;
				GCC_WARN_UNINITIALIZED_AUTOS = YES_AGGRESSIVE;
				GCC_WARN_UNUSED_FUNCTION = YES;
				GCC_WARN_UNUSED_VARIABLE = YES;
				IPHONEOS_DEPLOYMENT_TARGET = 9.3;
				MTL_ENABLE_DEBUG_INFO = YES;
				ONLY_ACTIVE_ARCH = YES;
				SDKROOT = iphoneos;
				SWIFT_OPTIMIZATION_LEVEL = "-Onone";
				TARGETED_DEVICE_FAMILY = "1,2";
			};
			name = Debug;
		};
		610039DE1CB239EF00060FE3 /* Release */ = {
			isa = XCBuildConfiguration;
			buildSettings = {
				ALWAYS_SEARCH_USER_PATHS = NO;
				CLANG_ANALYZER_NONNULL = YES;
				CLANG_CXX_LANGUAGE_STANDARD = "gnu++0x";
				CLANG_CXX_LIBRARY = "libc++";
				CLANG_ENABLE_MODULES = YES;
				CLANG_ENABLE_OBJC_ARC = YES;
				CLANG_WARN_BOOL_CONVERSION = YES;
				CLANG_WARN_CONSTANT_CONVERSION = YES;
				CLANG_WARN_DIRECT_OBJC_ISA_USAGE = YES_ERROR;
				CLANG_WARN_EMPTY_BODY = YES;
				CLANG_WARN_ENUM_CONVERSION = YES;
				CLANG_WARN_INT_CONVERSION = YES;
				CLANG_WARN_OBJC_ROOT_CLASS = YES_ERROR;
				CLANG_WARN_UNREACHABLE_CODE = YES;
				CLANG_WARN__DUPLICATE_METHOD_MATCH = YES;
				"CODE_SIGN_IDENTITY[sdk=iphoneos*]" = "iPhone Developer";
				COPY_PHASE_STRIP = NO;
				DEBUG_INFORMATION_FORMAT = "dwarf-with-dsym";
				ENABLE_NS_ASSERTIONS = NO;
				ENABLE_STRICT_OBJC_MSGSEND = YES;
				GCC_C_LANGUAGE_STANDARD = gnu99;
				GCC_NO_COMMON_BLOCKS = YES;
				GCC_WARN_64_TO_32_BIT_CONVERSION = YES;
				GCC_WARN_ABOUT_RETURN_TYPE = YES_ERROR;
				GCC_WARN_UNDECLARED_SELECTOR = YES;
				GCC_WARN_UNINITIALIZED_AUTOS = YES_AGGRESSIVE;
				GCC_WARN_UNUSED_FUNCTION = YES;
				GCC_WARN_UNUSED_VARIABLE = YES;
				IPHONEOS_DEPLOYMENT_TARGET = 9.3;
				MTL_ENABLE_DEBUG_INFO = NO;
				SDKROOT = iphoneos;
				TARGETED_DEVICE_FAMILY = "1,2";
				VALIDATE_PRODUCT = YES;
			};
			name = Release;
		};
		610039E01CB239EF00060FE3 /* Debug */ = {
			isa = XCBuildConfiguration;
			buildSettings = {
				ASSETCATALOG_COMPILER_APPICON_NAME = AppIcon;
				INFOPLIST_FILE = "Game Closet/Info.plist";
				LD_RUNPATH_SEARCH_PATHS = "$(inherited) @executable_path/Frameworks";
				PRODUCT_BUNDLE_IDENTIFIER = "com.MatthewYoung.Game-Closet";
				PRODUCT_NAME = "$(TARGET_NAME)";
			};
			name = Debug;
		};
		610039E11CB239EF00060FE3 /* Release */ = {
			isa = XCBuildConfiguration;
			buildSettings = {
				ASSETCATALOG_COMPILER_APPICON_NAME = AppIcon;
				INFOPLIST_FILE = "Game Closet/Info.plist";
				LD_RUNPATH_SEARCH_PATHS = "$(inherited) @executable_path/Frameworks";
				PRODUCT_BUNDLE_IDENTIFIER = "com.MatthewYoung.Game-Closet";
				PRODUCT_NAME = "$(TARGET_NAME)";
			};
			name = Release;
		};
/* End XCBuildConfiguration section */

/* Begin XCConfigurationList section */
		610039C51CB239EF00060FE3 /* Build configuration list for PBXProject "Game Closet" */ = {
			isa = XCConfigurationList;
			buildConfigurations = (
				610039DD1CB239EF00060FE3 /* Debug */,
				610039DE1CB239EF00060FE3 /* Release */,
			);
			defaultConfigurationIsVisible = 0;
			defaultConfigurationName = Release;
		};
		610039DF1CB239EF00060FE3 /* Build configuration list for PBXNativeTarget "Game Closet" */ = {
			isa = XCConfigurationList;
			buildConfigurations = (
				610039E01CB239EF00060FE3 /* Debug */,
				610039E11CB239EF00060FE3 /* Release */,
			);
			defaultConfigurationIsVisible = 0;
			defaultConfigurationName = Release;
		};
/* End XCConfigurationList section */

/* Begin XCVersionGroup section */
		610039D41CB239EF00060FE3 /* Game_Closet.xcdatamodeld */ = {
			isa = XCVersionGroup;
			children = (
				610039D51CB239EF00060FE3 /* Game_Closet.xcdatamodel */,
			);
			currentVersion = 610039D51CB239EF00060FE3 /* Game_Closet.xcdatamodel */;
			path = Game_Closet.xcdatamodeld;
			sourceTree = "<group>";
			versionGroupType = wrapper.xcdatamodel;
		};
/* End XCVersionGroup section */
	};
	rootObject = 610039C21CB239EF00060FE3 /* Project object */;
}
